
Microsoft Visual Studio Solution File, Format Version 12.00
# Visual Studio Version 17
VisualStudioVersion = 17.2.32616.157
MinimumVisualStudioVersion = 10.0.40219.1
Project("{FAE04EC0-301F-11D3-BF4B-00C04F79EFBC}") = "Hotel2", "Hotel2\Hotel2.csproj", "{11BE0679-F3AF-45C9-BA9A-1333FFDA48CE}"
EndProject
Project("{FAE04EC0-301F-11D3-BF4B-00C04F79EFBC}") = "ServerHotel", "ServerHotel\ServerHotel.csproj", "{735680BD-A679-4D99-884D-DC50007F030D}"
EndProject
Global
	GlobalSection(SolutionConfigurationPlatforms) = preSolution
		Debug|Any CPU = Debug|Any CPU
		Release|Any CPU = Release|Any CPU
	EndGlobalSection
	GlobalSection(ProjectConfigurationPlatforms) = postSolution
		{11BE0679-F3AF-45C9-BA9A-1333FFDA48CE}.Debug|Any CPU.ActiveCfg = Debug|Any CPU
		{11BE0679-F3AF-45C9-BA9A-1333FFDA48CE}.Debug|Any CPU.Build.0 = Debug|Any CPU
		{11BE0679-F3AF-45C9-BA9A-1333FFDA48CE}.Release|Any CPU.ActiveCfg = Release|Any CPU
		{11BE0679-F3AF-45C9-BA9A-1333FFDA48CE}.Release|Any CPU.Build.0 = Release|Any CPU
		{735680BD-A679-4D99-884D-DC50007F030D}.Debug|Any CPU.ActiveCfg = Debug|Any CPU
		{735680BD-A679-4D99-884D-DC50007F030D}.Debug|Any CPU.Build.0 = Debug|Any CPU
		{735680BD-A679-4D99-884D-DC50007F030D}.Release|Any CPU.ActiveCfg = Release|Any CPU
		{735680BD-A679-4D99-884D-DC50007F030D}.Release|Any CPU.Build.0 = Release|Any CPU
	EndGlobalSection
	GlobalSection(SolutionProperties) = preSolution
		HideSolutionNode = FALSE
	EndGlobalSection
	GlobalSection(ExtensibilityGlobals) = postSolution
		SolutionGuid = {18FF876E-527B-43E3-8453-A159C68B2EB2}
	EndGlobalSection
EndGlobal
